
Microsoft Visual Studio Solution File, Format Version 12.00
# Visual Studio Version 17
VisualStudioVersion = 17.14.36623.8 d17.14
MinimumVisualStudioVersion = 10.0.40219.1
Project("{FAE04EC0-301F-11D3-BF4B-00C04F79EFBC}") = "Web_EAMSystem", "Web_EAMSystem\Web_EAMSystem.csproj", "{515A81E9-31CD-4540-9645-757610A33BE0}"
EndProject
Global
	GlobalSection(SolutionConfigurationPlatforms) = preSolution
		Debug|Any CPU = Debug|Any CPU
		Release|Any CPU = Release|Any CPU
	EndGlobalSection
	GlobalSection(ProjectConfigurationPlatforms) = postSolution
		{515A81E9-31CD-4540-9645-757610A33BE0}.Debug|Any CPU.ActiveCfg = Debug|Any CPU
		{515A81E9-31CD-4540-9645-757610A33BE0}.Debug|Any CPU.Build.0 = Debug|Any CPU
		{515A81E9-31CD-4540-9645-757610A33BE0}.Release|Any CPU.ActiveCfg = Release|Any CPU
		{515A81E9-31CD-4540-9645-757610A33BE0}.Release|Any CPU.Build.0 = Release|Any CPU
	EndGlobalSection
	GlobalSection(SolutionProperties) = preSolution
		HideSolutionNode = FALSE
	EndGlobalSection
	GlobalSection(ExtensibilityGlobals) = postSolution
		SolutionGuid = {51A71AA7-9D21-44F5-AFEA-1CCE61B112B9}
	EndGlobalSection
EndGlobal
